// !$*UTF8*$!
{
	archiveVersion = 1;
	classes = {
	};
	objectVersion = 50;
	objects = {

/* Begin PBXBuildFile section */
		4B27942424BD1BA5008B7424 /* AppDelegate.swift in Sources */ = {isa = PBXBuildFile; fileRef = 4B27942324BD1BA5008B7424 /* AppDelegate.swift */; };
		4B27942624BD1BA5008B7424 /* SceneDelegate.swift in Sources */ = {isa = PBXBuildFile; fileRef = 4B27942524BD1BA5008B7424 /* SceneDelegate.swift */; };
		4B27942824BD1BA5008B7424 /* ContentView.swift in Sources */ = {isa = PBXBuildFile; fileRef = 4B27942724BD1BA5008B7424 /* ContentView.swift */; };
		4B27942A24BD1BA7008B7424 /* Assets.xcassets in Resources */ = {isa = PBXBuildFile; fileRef = 4B27942924BD1BA7008B7424 /* Assets.xcassets */; };
		4B27942D24BD1BA7008B7424 /* Preview Assets.xcassets in Resources */ = {isa = PBXBuildFile; fileRef = 4B27942C24BD1BA7008B7424 /* Preview Assets.xcassets */; };
		4B27943024BD1BA7008B7424 /* LaunchScreen.storyboard in Resources */ = {isa = PBXBuildFile; fileRef = 4B27942E24BD1BA7008B7424 /* LaunchScreen.storyboard */; };
		4B27943B24BD1BA7008B7424 /* Slide_and_Swipe_ConceptTests.swift in Sources */ = {isa = PBXBuildFile; fileRef = 4B27943A24BD1BA7008B7424 /* Slide_and_Swipe_ConceptTests.swift */; };
		4B27944624BD1BA7008B7424 /* Slide_and_Swipe_ConceptUITests.swift in Sources */ = {isa = PBXBuildFile; fileRef = 4B27944524BD1BA7008B7424 /* Slide_and_Swipe_ConceptUITests.swift */; };
		4B27945424BD1BC6008B7424 /* TopContentView.swift in Sources */ = {isa = PBXBuildFile; fileRef = 4B27945324BD1BC6008B7424 /* TopContentView.swift */; };
		4B27945624BD1BD6008B7424 /* PSPageViewController.swift in Sources */ = {isa = PBXBuildFile; fileRef = 4B27945524BD1BD6008B7424 /* PSPageViewController.swift */; };
		4B27945824BD1BE4008B7424 /* MenuView.swift in Sources */ = {isa = PBXBuildFile; fileRef = 4B27945724BD1BE4008B7424 /* MenuView.swift */; };
		4B27945A24BD1BEC008B7424 /* PageControl.swift in Sources */ = {isa = PBXBuildFile; fileRef = 4B27945924BD1BEC008B7424 /* PageControl.swift */; };
/* End PBXBuildFile section */

/* Begin PBXContainerItemProxy section */
		4B27943724BD1BA7008B7424 /* PBXContainerItemProxy */ = {
			isa = PBXContainerItemProxy;
			containerPortal = 4B27941824BD1BA5008B7424 /* Project object */;
			proxyType = 1;
			remoteGlobalIDString = 4B27941F24BD1BA5008B7424;
			remoteInfo = "Slide and Swipe Concept";
		};
		4B27944224BD1BA7008B7424 /* PBXContainerItemProxy */ = {
			isa = PBXContainerItemProxy;
			containerPortal = 4B27941824BD1BA5008B7424 /* Project object */;
			proxyType = 1;
			remoteGlobalIDString = 4B27941F24BD1BA5008B7424;
			remoteInfo = "Slide and Swipe Concept";
		};
/* End PBXContainerItemProxy section */

/* Begin PBXFileReference section */
		4B27942024BD1BA5008B7424 /* Slide and Swipe Concept.app */ = {isa = PBXFileReference; explicitFileType = wrapper.application; includeInIndex = 0; path = "Slide and Swipe Concept.app"; sourceTree = BUILT_PRODUCTS_DIR; };
		4B27942324BD1BA5008B7424 /* AppDelegate.swift */ = {isa = PBXFileReference; lastKnownFileType = sourcecode.swift; path = AppDelegate.swift; sourceTree = "<group>"; };
		4B27942524BD1BA5008B7424 /* SceneDelegate.swift */ = {isa = PBXFileReference; lastKnownFileType = sourcecode.swift; path = SceneDelegate.swift; sourceTree = "<group>"; };
		4B27942724BD1BA5008B7424 /* ContentView.swift */ = {isa = PBXFileReference; lastKnownFileType = sourcecode.swift; path = ContentView.swift; sourceTree = "<group>"; };
		4B27942924BD1BA7008B7424 /* Assets.xcassets */ = {isa = PBXFileReference; lastKnownFileType = folder.assetcatalog; path = Assets.xcassets; sourceTree = "<group>"; };
		4B27942C24BD1BA7008B7424 /* Preview Assets.xcassets */ = {isa = PBXFileReference; lastKnownFileType = folder.assetcatalog; path = "Preview Assets.xcassets"; sourceTree = "<group>"; };
		4B27942F24BD1BA7008B7424 /* Base */ = {isa = PBXFileReference; lastKnownFileType = file.storyboard; name = Base; path = Base.lproj/LaunchScreen.storyboard; sourceTree = "<group>"; };
		4B27943124BD1BA7008B7424 /* Info.plist */ = {isa = PBXFileReference; lastKnownFileType = text.plist.xml; path = Info.plist; sourceTree = "<group>"; };
		4B27943624BD1BA7008B7424 /* Slide and Swipe ConceptTests.xctest */ = {isa = PBXFileReference; explicitFileType = wrapper.cfbundle; includeInIndex = 0; path = "Slide and Swipe ConceptTests.xctest"; sourceTree = BUILT_PRODUCTS_DIR; };
		4B27943A24BD1BA7008B7424 /* Slide_and_Swipe_ConceptTests.swift */ = {isa = PBXFileReference; lastKnownFileType = sourcecode.swift; path = Slide_and_Swipe_ConceptTests.swift; sourceTree = "<group>"; };
		4B27943C24BD1BA7008B7424 /* Info.plist */ = {isa = PBXFileReference; lastKnownFileType = text.plist.xml; path = Info.plist; sourceTree = "<group>"; };
		4B27944124BD1BA7008B7424 /* Slide and Swipe ConceptUITests.xctest */ = {isa = PBXFileReference; explicitFileType = wrapper.cfbundle; includeInIndex = 0; path = "Slide and Swipe ConceptUITests.xctest"; sourceTree = BUILT_PRODUCTS_DIR; };
		4B27944524BD1BA7008B7424 /* Slide_and_Swipe_ConceptUITests.swift */ = {isa = PBXFileReference; lastKnownFileType = sourcecode.swift; path = Slide_and_Swipe_ConceptUITests.swift; sourceTree = "<group>"; };
		4B27944724BD1BA7008B7424 /* Info.plist */ = {isa = PBXFileReference; lastKnownFileType = text.plist.xml; path = Info.plist; sourceTree = "<group>"; };
		4B27945324BD1BC6008B7424 /* TopContentView.swift */ = {isa = PBXFileReference; fileEncoding = 4; lastKnownFileType = sourcecode.swift; path = TopContentView.swift; sourceTree = "<group>"; };
		4B27945524BD1BD6008B7424 /* PSPageViewController.swift */ = {isa = PBXFileReference; fileEncoding = 4; lastKnownFileType = sourcecode.swift; path = PSPageViewController.swift; sourceTree = "<group>"; };
		4B27945724BD1BE4008B7424 /* MenuView.swift */ = {isa = PBXFileReference; fileEncoding = 4; lastKnownFileType = sourcecode.swift; path = MenuView.swift; sourceTree = "<group>"; };
		4B27945924BD1BEC008B7424 /* PageControl.swift */ = {isa = PBXFileReference; fileEncoding = 4; lastKnownFileType = sourcecode.swift; path = PageControl.swift; sourceTree = "<group>"; };
/* End PBXFileReference section */

/* Begin PBXFrameworksBuildPhase section */
		4B27941D24BD1BA5008B7424 /* Frameworks */ = {
			isa = PBXFrameworksBuildPhase;
			buildActionMask = 2147483647;
			files = (
			);
			runOnlyForDeploymentPostprocessing = 0;
		};
		4B27943324BD1BA7008B7424 /* Frameworks */ = {
			isa = PBXFrameworksBuildPhase;
			buildActionMask = 2147483647;
			files = (
			);
			runOnlyForDeploymentPostprocessing = 0;
		};
		4B27943E24BD1BA7008B7424 /* Frameworks */ = {
			isa = PBXFrameworksBuildPhase;
			buildActionMask = 2147483647;
			files = (
			);
			runOnlyForDeploymentPostprocessing = 0;
		};
/* End PBXFrameworksBuildPhase section */

/* Begin PBXGroup section */
		4B27941724BD1BA5008B7424 = {
			isa = PBXGroup;
			children = (
				4B27942224BD1BA5008B7424 /* Slide and Swipe Concept */,
				4B27943924BD1BA7008B7424 /* Slide and Swipe ConceptTests */,
				4B27944424BD1BA7008B7424 /* Slide and Swipe ConceptUITests */,
				4B27942124BD1BA5008B7424 /* Products */,
			);
			sourceTree = "<group>";
		};
		4B27942124BD1BA5008B7424 /* Products */ = {
			isa = PBXGroup;
			children = (
				4B27942024BD1BA5008B7424 /* Slide and Swipe Concept.app */,
				4B27943624BD1BA7008B7424 /* Slide and Swipe ConceptTests.xctest */,
				4B27944124BD1BA7008B7424 /* Slide and Swipe ConceptUITests.xctest */,
			);
			name = Products;
			sourceTree = "<group>";
		};
		4B27942224BD1BA5008B7424 /* Slide and Swipe Concept */ = {
			isa = PBXGroup;
			children = (
				4B27945324BD1BC6008B7424 /* TopContentView.swift */,
				4B27945524BD1BD6008B7424 /* PSPageViewController.swift */,
				4B27945924BD1BEC008B7424 /* PageControl.swift */,
				4B27942724BD1BA5008B7424 /* ContentView.swift */,
				4B27945724BD1BE4008B7424 /* MenuView.swift */,
				4B27942324BD1BA5008B7424 /* AppDelegate.swift */,
				4B27942524BD1BA5008B7424 /* SceneDelegate.swift */,
				4B27942E24BD1BA7008B7424 /* LaunchScreen.storyboard */,
				4B27943124BD1BA7008B7424 /* Info.plist */,
				4B27942924BD1BA7008B7424 /* Assets.xcassets */,
				4B27942B24BD1BA7008B7424 /* Preview Content */,
			);
			path = "Slide and Swipe Concept";
			sourceTree = "<group>";
		};
		4B27942B24BD1BA7008B7424 /* Preview Content */ = {
			isa = PBXGroup;
			children = (
				4B27942C24BD1BA7008B7424 /* Preview Assets.xcassets */,
			);
			path = "Preview Content";
			sourceTree = "<group>";
		};
		4B27943924BD1BA7008B7424 /* Slide and Swipe ConceptTests */ = {
			isa = PBXGroup;
			children = (
				4B27943A24BD1BA7008B7424 /* Slide_and_Swipe_ConceptTests.swift */,
				4B27943C24BD1BA7008B7424 /* Info.plist */,
			);
			path = "Slide and Swipe ConceptTests";
			sourceTree = "<group>";
		};
		4B27944424BD1BA7008B7424 /* Slide and Swipe ConceptUITests */ = {
			isa = PBXGroup;
			children = (
				4B27944524BD1BA7008B7424 /* Slide_and_Swipe_ConceptUITests.swift */,
				4B27944724BD1BA7008B7424 /* Info.plist */,
			);
			path = "Slide and Swipe ConceptUITests";
			sourceTree = "<group>";
		};
/* End PBXGroup section */

/* Begin PBXNativeTarget section */
		4B27941F24BD1BA5008B7424 /* Slide and Swipe Concept */ = {
			isa = PBXNativeTarget;
			buildConfigurationList = 4B27944A24BD1BA7008B7424 /* Build configuration list for PBXNativeTarget "Slide and Swipe Concept" */;
			buildPhases = (
				4B27941C24BD1BA5008B7424 /* Sources */,
				4B27941D24BD1BA5008B7424 /* Frameworks */,
				4B27941E24BD1BA5008B7424 /* Resources */,
			);
			buildRules = (
			);
			dependencies = (
			);
			name = "Slide and Swipe Concept";
			productName = "Slide and Swipe Concept";
			productReference = 4B27942024BD1BA5008B7424 /* Slide and Swipe Concept.app */;
			productType = "com.apple.product-type.application";
		};
		4B27943524BD1BA7008B7424 /* Slide and Swipe ConceptTests */ = {
			isa = PBXNativeTarget;
			buildConfigurationList = 4B27944D24BD1BA7008B7424 /* Build configuration list for PBXNativeTarget "Slide and Swipe ConceptTests" */;
			buildPhases = (
				4B27943224BD1BA7008B7424 /* Sources */,
				4B27943324BD1BA7008B7424 /* Frameworks */,
				4B27943424BD1BA7008B7424 /* Resources */,
			);
			buildRules = (
			);
			dependencies = (
				4B27943824BD1BA7008B7424 /* PBXTargetDependency */,
			);
			name = "Slide and Swipe ConceptTests";
			productName = "Slide and Swipe ConceptTests";
			productReference = 4B27943624BD1BA7008B7424 /* Slide and Swipe ConceptTests.xctest */;
			productType = "com.apple.product-type.bundle.unit-test";
		};
		4B27944024BD1BA7008B7424 /* Slide and Swipe ConceptUITests */ = {
			isa = PBXNativeTarget;
			buildConfigurationList = 4B27945024BD1BA7008B7424 /* Build configuration list for PBXNativeTarget "Slide and Swipe ConceptUITests" */;
			buildPhases = (
				4B27943D24BD1BA7008B7424 /* Sources */,
				4B27943E24BD1BA7008B7424 /* Frameworks */,
				4B27943F24BD1BA7008B7424 /* Resources */,
			);
			buildRules = (
			);
			dependencies = (
				4B27944324BD1BA7008B7424 /* PBXTargetDependency */,
			);
			name = "Slide and Swipe ConceptUITests";
			productName = "Slide and Swipe ConceptUITests";
			productReference = 4B27944124BD1BA7008B7424 /* Slide and Swipe ConceptUITests.xctest */;
			productType = "com.apple.product-type.bundle.ui-testing";
		};
/* End PBXNativeTarget section */

/* Begin PBXProject section */
		4B27941824BD1BA5008B7424 /* Project object */ = {
			isa = PBXProject;
			attributes = {
				LastSwiftUpdateCheck = 1150;
				LastUpgradeCheck = 1150;
				ORGANIZATIONNAME = "Steven Hovater";
				TargetAttributes = {
					4B27941F24BD1BA5008B7424 = {
						CreatedOnToolsVersion = 11.5;
					};
					4B27943524BD1BA7008B7424 = {
						CreatedOnToolsVersion = 11.5;
						TestTargetID = 4B27941F24BD1BA5008B7424;
					};
					4B27944024BD1BA7008B7424 = {
						CreatedOnToolsVersion = 11.5;
						TestTargetID = 4B27941F24BD1BA5008B7424;
					};
				};
			};
			buildConfigurationList = 4B27941B24BD1BA5008B7424 /* Build configuration list for PBXProject "Slide and Swipe Concept" */;
			compatibilityVersion = "Xcode 9.3";
			developmentRegion = en;
			hasScannedForEncodings = 0;
			knownRegions = (
				en,
				Base,
			);
			mainGroup = 4B27941724BD1BA5008B7424;
			productRefGroup = 4B27942124BD1BA5008B7424 /* Products */;
			projectDirPath = "";
			projectRoot = "";
			targets = (
				4B27941F24BD1BA5008B7424 /* Slide and Swipe Concept */,
				4B27943524BD1BA7008B7424 /* Slide and Swipe ConceptTests */,
				4B27944024BD1BA7008B7424 /* Slide and Swipe ConceptUITests */,
			);
		};
/* End PBXProject section */

/* Begin PBXResourcesBuildPhase section */
		4B27941E24BD1BA5008B7424 /* Resources */ = {
			isa = PBXResourcesBuildPhase;
			buildActionMask = 2147483647;
			files = (
				4B27943024BD1BA7008B7424 /* LaunchScreen.storyboard in Resources */,
				4B27942D24BD1BA7008B7424 /* Preview Assets.xcassets in Resources */,
				4B27942A24BD1BA7008B7424 /* Assets.xcassets in Resources */,
			);
			runOnlyForDeploymentPostprocessing = 0;
		};
		4B27943424BD1BA7008B7424 /* Resources */ = {
			isa = PBXResourcesBuildPhase;
			buildActionMask = 2147483647;
			files = (
			);
			runOnlyForDeploymentPostprocessing = 0;
		};
		4B27943F24BD1BA7008B7424 /* Resources */ = {
			isa = PBXResourcesBuildPhase;
			buildActionMask = 2147483647;
			files = (
			);
			runOnlyForDeploymentPostprocessing = 0;
		};
/* End PBXResourcesBuildPhase section */

/* Begin PBXSourcesBuildPhase section */
		4B27941C24BD1BA5008B7424 /* Sources */ = {
			isa = PBXSourcesBuildPhase;
			buildActionMask = 2147483647;
			files = (
				4B27945424BD1BC6008B7424 /* TopContentView.swift in Sources */,
				4B27945A24BD1BEC008B7424 /* PageControl.swift in Sources */,
				4B27945824BD1BE4008B7424 /* MenuView.swift in Sources */,
				4B27942424BD1BA5008B7424 /* AppDelegate.swift in Sources */,
				4B27942624BD1BA5008B7424 /* SceneDelegate.swift in Sources */,
				4B27942824BD1BA5008B7424 /* ContentView.swift in Sources */,
				4B27945624BD1BD6008B7424 /* PSPageViewController.swift in Sources */,
			);
			runOnlyForDeploymentPostprocessing = 0;
		};
		4B27943224BD1BA7008B7424 /* Sources */ = {
			isa = PBXSourcesBuildPhase;
			buildActionMask = 2147483647;
			files = (
				4B27943B24BD1BA7008B7424 /* Slide_and_Swipe_ConceptTests.swift in Sources */,
			);
			runOnlyForDeploymentPostprocessing = 0;
		};
		4B27943D24BD1BA7008B7424 /* Sources */ = {
			isa = PBXSourcesBuildPhase;
			buildActionMask = 2147483647;
			files = (
				4B27944624BD1BA7008B7424 /* Slide_and_Swipe_ConceptUITests.swift in Sources */,
			);
			runOnlyForDeploymentPostprocessing = 0;
		};
/* End PBXSourcesBuildPhase section */

/* Begin PBXTargetDependency section */
		4B27943824BD1BA7008B7424 /* PBXTargetDependency */ = {
			isa = PBXTargetDependency;
			target = 4B27941F24BD1BA5008B7424 /* Slide and Swipe Concept */;
			targetProxy = 4B27943724BD1BA7008B7424 /* PBXContainerItemProxy */;
		};
		4B27944324BD1BA7008B7424 /* PBXTargetDependency */ = {
			isa = PBXTargetDependency;
			target = 4B27941F24BD1BA5008B7424 /* Slide and Swipe Concept */;
			targetProxy = 4B27944224BD1BA7008B7424 /* PBXContainerItemProxy */;
		};
/* End PBXTargetDependency section */

/* Begin PBXVariantGroup section */
		4B27942E24BD1BA7008B7424 /* LaunchScreen.storyboard */ = {
			isa = PBXVariantGroup;
			children = (
				4B27942F24BD1BA7008B7424 /* Base */,
			);
			name = LaunchScreen.storyboard;
			sourceTree = "<group>";
		};
/* End PBXVariantGroup section */

/* Begin XCBuildConfiguration section */
		4B27944824BD1BA7008B7424 /* Debug */ = {
			isa = XCBuildConfiguration;
			buildSettings = {
				ALWAYS_SEARCH_USER_PATHS = NO;
				CLANG_ANALYZER_NONNULL = YES;
				CLANG_ANALYZER_NUMBER_OBJECT_CONVERSION = YES_AGGRESSIVE;
				CLANG_CXX_LANGUAGE_STANDARD = "gnu++14";
				CLANG_CXX_LIBRARY = "libc++";
				CLANG_ENABLE_MODULES = YES;
				CLANG_ENABLE_OBJC_ARC = YES;
				CLANG_ENABLE_OBJC_WEAK = YES;
				CLANG_WARN_BLOCK_CAPTURE_AUTORELEASING = YES;
				CLANG_WARN_BOOL_CONVERSION = YES;
				CLANG_WARN_COMMA = YES;
				CLANG_WARN_CONSTANT_CONVERSION = YES;
				CLANG_WARN_DEPRECATED_OBJC_IMPLEMENTATIONS = YES;
				CLANG_WARN_DIRECT_OBJC_ISA_USAGE = YES_ERROR;
				CLANG_WARN_DOCUMENTATION_COMMENTS = YES;
				CLANG_WARN_EMPTY_BODY = YES;
				CLANG_WARN_ENUM_CONVERSION = YES;
				CLANG_WARN_INFINITE_RECURSION = YES;
				CLANG_WARN_INT_CONVERSION = YES;
				CLANG_WARN_NON_LITERAL_NULL_CONVERSION = YES;
				CLANG_WARN_OBJC_IMPLICIT_RETAIN_SELF = YES;
				CLANG_WARN_OBJC_LITERAL_CONVERSION = YES;
				CLANG_WARN_OBJC_ROOT_CLASS = YES_ERROR;
				CLANG_WARN_RANGE_LOOP_ANALYSIS = YES;
				CLANG_WARN_STRICT_PROTOTYPES = YES;
				CLANG_WARN_SUSPICIOUS_MOVE = YES;
				CLANG_WARN_UNGUARDED_AVAILABILITY = YES_AGGRESSIVE;
				CLANG_WARN_UNREACHABLE_CODE = YES;
				CLANG_WARN__DUPLICATE_METHOD_MATCH = YES;
				COPY_PHASE_STRIP = NO;
				DEBUG_INFORMATION_FORMAT = dwarf;
				ENABLE_STRICT_OBJC_MSGSEND = YES;
				ENABLE_TESTABILITY = YES;
				GCC_C_LANGUAGE_STANDARD = gnu11;
				GCC_DYNAMIC_NO_PIC = NO;
				GCC_NO_COMMON_BLOCKS = YES;
				GCC_OPTIMIZATION_LEVEL = 0;
				GCC_PREPROCESSOR_DEFINITIONS = (
					"DEBUG=1",
					"$(inherited)",
				);
				GCC_WARN_64_TO_32_BIT_CONVERSION = YES;
				GCC_WARN_ABOUT_RETURN_TYPE = YES_ERROR;
				GCC_WARN_UNDECLARED_SELECTOR = YES;
				GCC_WARN_UNINITIALIZED_AUTOS = YES_AGGRESSIVE;
				GCC_WARN_UNUSED_FUNCTION = YES;
				GCC_WARN_UNUSED_VARIABLE = YES;
				IPHONEOS_DEPLOYMENT_TARGET = 13.5;
				MTL_ENABLE_DEBUG_INFO = INCLUDE_SOURCE;
				MTL_FAST_MATH = YES;
				ONLY_ACTIVE_ARCH = YES;
				SDKROOT = iphoneos;
				SWIFT_ACTIVE_COMPILATION_CONDITIONS = DEBUG;
				SWIFT_OPTIMIZATION_LEVEL = "-Onone";
			};
			name = Debug;
		};
		4B27944924BD1BA7008B7424 /* Release */ = {
			isa = XCBuildConfiguration;
			buildSettings = {
				ALWAYS_SEARCH_USER_PATHS = NO;
				CLANG_ANALYZER_NONNULL = YES;
				CLANG_ANALYZER_NUMBER_OBJECT_CONVERSION = YES_AGGRESSIVE;
				CLANG_CXX_LANGUAGE_STANDARD = "gnu++14";
				CLANG_CXX_LIBRARY = "libc++";
				CLANG_ENABLE_MODULES = YES;
				CLANG_ENABLE_OBJC_ARC = YES;
				CLANG_ENABLE_OBJC_WEAK = YES;
				CLANG_WARN_BLOCK_CAPTURE_AUTORELEASING = YES;
				CLANG_WARN_BOOL_CONVERSION = YES;
				CLANG_WARN_COMMA = YES;
				CLANG_WARN_CONSTANT_CONVERSION = YES;
				CLANG_WARN_DEPRECATED_OBJC_IMPLEMENTATIONS = YES;
				CLANG_WARN_DIRECT_OBJC_ISA_USAGE = YES_ERROR;
				CLANG_WARN_DOCUMENTATION_COMMENTS = YES;
				CLANG_WARN_EMPTY_BODY = YES;
				CLANG_WARN_ENUM_CONVERSION = YES;
				CLANG_WARN_INFINITE_RECURSION = YES;
				CLANG_WARN_INT_CONVERSION = YES;
				CLANG_WARN_NON_LITERAL_NULL_CONVERSION = YES;
				CLANG_WARN_OBJC_IMPLICIT_RETAIN_SELF = YES;
				CLANG_WARN_OBJC_LITERAL_CONVERSION = YES;
				CLANG_WARN_OBJC_ROOT_CLASS = YES_ERROR;
				CLANG_WARN_RANGE_LOOP_ANALYSIS = YES;
				CLANG_WARN_STRICT_PROTOTYPES = YES;
				CLANG_WARN_SUSPICIOUS_MOVE = YES;
				CLANG_WARN_UNGUARDED_AVAILABILITY = YES_AGGRESSIVE;
				CLANG_WARN_UNREACHABLE_CODE = YES;
				CLANG_WARN__DUPLICATE_METHOD_MATCH = YES;
				COPY_PHASE_STRIP = NO;
				DEBUG_INFORMATION_FORMAT = "dwarf-with-dsym";
				ENABLE_NS_ASSERTIONS = NO;
				ENABLE_STRICT_OBJC_MSGSEND = YES;
				GCC_C_LANGUAGE_STANDARD = gnu11;
				GCC_NO_COMMON_BLOCKS = YES;
				GCC_WARN_64_TO_32_BIT_CONVERSION = YES;
				GCC_WARN_ABOUT_RETURN_TYPE = YES_ERROR;
				GCC_WARN_UNDECLARED_SELECTOR = YES;
				GCC_WARN_UNINITIALIZED_AUTOS = YES_AGGRESSIVE;
				GCC_WARN_UNUSED_FUNCTION = YES;
				GCC_WARN_UNUSED_VARIABLE = YES;
				IPHONEOS_DEPLOYMENT_TARGET = 13.5;
				MTL_ENABLE_DEBUG_INFO = NO;
				MTL_FAST_MATH = YES;
				SDKROOT = iphoneos;
				SWIFT_COMPILATION_MODE = wholemodule;
				SWIFT_OPTIMIZATION_LEVEL = "-O";
				VALIDATE_PRODUCT = YES;
			};
			name = Release;
		};
		4B27944B24BD1BA7008B7424 /* Debug */ = {
			isa = XCBuildConfiguration;
			buildSettings = {
				ASSETCATALOG_COMPILER_APPICON_NAME = AppIcon;
				CODE_SIGN_STYLE = Automatic;
				DEVELOPMENT_ASSET_PATHS = "\"Slide and Swipe Concept/Preview Content\"";
				DEVELOPMENT_TEAM = RA42DJ3F2R;
				ENABLE_PREVIEWS = YES;
				INFOPLIST_FILE = "Slide and Swipe Concept/Info.plist";
				LD_RUNPATH_SEARCH_PATHS = (
					"$(inherited)",
					"@executable_path/Frameworks",
				);
				PRODUCT_BUNDLE_IDENTIFIER = "com.stevenhovater.Slide-and-Swipe-Concept";
				PRODUCT_NAME = "$(TARGET_NAME)";
				SWIFT_VERSION = 5.0;
				TARGETED_DEVICE_FAMILY = "1,2";
			};
			name = Debug;
		};
		4B27944C24BD1BA7008B7424 /* Release */ = {
			isa = XCBuildConfiguration;
			buildSettings = {
				ASSETCATALOG_COMPILER_APPICON_NAME = AppIcon;
				CODE_SIGN_STYLE = Automatic;
				DEVELOPMENT_ASSET_PATHS = "\"Slide and Swipe Concept/Preview Content\"";
				DEVELOPMENT_TEAM = RA42DJ3F2R;
				ENABLE_PREVIEWS = YES;
				INFOPLIST_FILE = "Slide and Swipe Concept/Info.plist";
				LD_RUNPATH_SEARCH_PATHS = (
					"$(inherited)",
					"@executable_path/Frameworks",
				);
				PRODUCT_BUNDLE_IDENTIFIER = "com.stevenhovater.Slide-and-Swipe-Concept";
				PRODUCT_NAME = "$(TARGET_NAME)";
				SWIFT_VERSION = 5.0;
				TARGETED_DEVICE_FAMILY = "1,2";
			};
			name = Release;
		};
		4B27944E24BD1BA7008B7424 /* Debug */ = {
			isa = XCBuildConfiguration;
			buildSettings = {
				ALWAYS_EMBED_SWIFT_STANDARD_LIBRARIES = YES;
				BUNDLE_LOADER = "$(TEST_HOST)";
				CODE_SIGN_STYLE = Automatic;
				DEVELOPMENT_TEAM = RA42DJ3F2R;
				INFOPLIST_FILE = "Slide and Swipe ConceptTests/Info.plist";
				IPHONEOS_DEPLOYMENT_TARGET = 13.5;
				LD_RUNPATH_SEARCH_PATHS = (
					"$(inherited)",
					"@executable_path/Frameworks",
					"@loader_path/Frameworks",
				);
				PRODUCT_BUNDLE_IDENTIFIER = "com.stevenhovater.Slide-and-Swipe-ConceptTests";
				PRODUCT_NAME = "$(TARGET_NAME)";
				SWIFT_VERSION = 5.0;
				TARGETED_DEVICE_FAMILY = "1,2";
				TEST_HOST = "$(BUILT_PRODUCTS_DIR)/Slide and Swipe Concept.app/Slide and Swipe Concept";
			};
			name = Debug;
		};
		4B27944F24BD1BA7008B7424 /* Release */ = {
			isa = XCBuildConfiguration;
			buildSettings = {
				ALWAYS_EMBED_SWIFT_STANDARD_LIBRARIES = YES;
				BUNDLE_LOADER = "$(TEST_HOST)";
				CODE_SIGN_STYLE = Automatic;
				DEVELOPMENT_TEAM = RA42DJ3F2R;
				INFOPLIST_FILE = "Slide and Swipe ConceptTests/Info.plist";
				IPHONEOS_DEPLOYMENT_TARGET = 13.5;
				LD_RUNPATH_SEARCH_PATHS = (
					"$(inherited)",
					"@executable_path/Frameworks",
					"@loader_path/Frameworks",
				);
				PRODUCT_BUNDLE_IDENTIFIER = "com.stevenhovater.Slide-and-Swipe-ConceptTests";
				PRODUCT_NAME = "$(TARGET_NAME)";
				SWIFT_VERSION = 5.0;
				TARGETED_DEVICE_FAMILY = "1,2";
				TEST_HOST = "$(BUILT_PRODUCTS_DIR)/Slide and Swipe Concept.app/Slide and Swipe Concept";
			};
			name = Release;
		};
		4B27945124BD1BA7008B7424 /* Debug */ = {
			isa = XCBuildConfiguration;
			buildSettings = {
				ALWAYS_EMBED_SWIFT_STANDARD_LIBRARIES = YES;
				CODE_SIGN_STYLE = Automatic;
				DEVELOPMENT_TEAM = RA42DJ3F2R;
				INFOPLIST_FILE = "Slide and Swipe ConceptUITests/Info.plist";
				LD_RUNPATH_SEARCH_PATHS = (
					"$(inherited)",
					"@executable_path/Frameworks",
					"@loader_path/Frameworks",
				);
				PRODUCT_BUNDLE_IDENTIFIER = "com.stevenhovater.Slide-and-Swipe-ConceptUITests";
				PRODUCT_NAME = "$(TARGET_NAME)";
				SWIFT_VERSION = 5.0;
				TARGETED_DEVICE_FAMILY = "1,2";
				TEST_TARGET_NAME = "Slide and Swipe Concept";
			};
			name = Debug;
		};
		4B27945224BD1BA7008B7424 /* Release */ = {
			isa = XCBuildConfiguration;
			buildSettings = {
				ALWAYS_EMBED_SWIFT_STANDARD_LIBRARIES = YES;
				CODE_SIGN_STYLE = Automatic;
				DEVELOPMENT_TEAM = RA42DJ3F2R;
				INFOPLIST_FILE = "Slide and Swipe ConceptUITests/Info.plist";
				LD_RUNPATH_SEARCH_PATHS = (
					"$(inherited)",
					"@executable_path/Frameworks",
					"@loader_path/Frameworks",
				);
				PRODUCT_BUNDLE_IDENTIFIER = "com.stevenhovater.Slide-and-Swipe-ConceptUITests";
				PRODUCT_NAME = "$(TARGET_NAME)";
				SWIFT_VERSION = 5.0;
				TARGETED_DEVICE_FAMILY = "1,2";
				TEST_TARGET_NAME = "Slide and Swipe Concept";
			};
			name = Release;
		};
/* End XCBuildConfiguration section */

/* Begin XCConfigurationList section */
		4B27941B24BD1BA5008B7424 /* Build configuration list for PBXProject "Slide and Swipe Concept" */ = {
			isa = XCConfigurationList;
			buildConfigurations = (
				4B27944824BD1BA7008B7424 /* Debug */,
				4B27944924BD1BA7008B7424 /* Release */,
			);
			defaultConfigurationIsVisible = 0;
			defaultConfigurationName = Release;
		};
		4B27944A24BD1BA7008B7424 /* Build configuration list for PBXNativeTarget "Slide and Swipe Concept" */ = {
			isa = XCConfigurationList;
			buildConfigurations = (
				4B27944B24BD1BA7008B7424 /* Debug */,
				4B27944C24BD1BA7008B7424 /* Release */,
			);
			defaultConfigurationIsVisible = 0;
			defaultConfigurationName = Release;
		};
		4B27944D24BD1BA7008B7424 /* Build configuration list for PBXNativeTarget "Slide and Swipe ConceptTests" */ = {
			isa = XCConfigurationList;
			buildConfigurations = (
				4B27944E24BD1BA7008B7424 /* Debug */,
				4B27944F24BD1BA7008B7424 /* Release */,
			);
			defaultConfigurationIsVisible = 0;
			defaultConfigurationName = Release;
		};
		4B27945024BD1BA7008B7424 /* Build configuration list for PBXNativeTarget "Slide and Swipe ConceptUITests" */ = {
			isa = XCConfigurationList;
			buildConfigurations = (
				4B27945124BD1BA7008B7424 /* Debug */,
				4B27945224BD1BA7008B7424 /* Release */,
			);
			defaultConfigurationIsVisible = 0;
			defaultConfigurationName = Release;
		};
/* End XCConfigurationList section */
	};
	rootObject = 4B27941824BD1BA5008B7424 /* Project object */;
}
